// !$*UTF8*$!
{
	archiveVersion = 1;
	classes = {
	};
	objectVersion = 56;
	objects = {

/* Begin PBXBuildFile section */
		AD2AD3487A65ECDDBF650DB1 /* Pods_KanyeQuotes.framework in Frameworks */ = {isa = PBXBuildFile; fileRef = E25EA5CFACAFA9F8C2C7229B /* Pods_KanyeQuotes.framework */; };
		C0BA7A0729EEE58B00E6D1EB /* AppDelegate.swift in Sources */ = {isa = PBXBuildFile; fileRef = C0BA7A0629EEE58B00E6D1EB /* AppDelegate.swift */; };
		C0BA7A0929EEE58B00E6D1EB /* SceneDelegate.swift in Sources */ = {isa = PBXBuildFile; fileRef = C0BA7A0829EEE58B00E6D1EB /* SceneDelegate.swift */; };
		C0BA7A0B29EEE58B00E6D1EB /* ViewController.swift in Sources */ = {isa = PBXBuildFile; fileRef = C0BA7A0A29EEE58B00E6D1EB /* ViewController.swift */; };
		C0BA7A0E29EEE58B00E6D1EB /* Main.storyboard in Resources */ = {isa = PBXBuildFile; fileRef = C0BA7A0C29EEE58B00E6D1EB /* Main.storyboard */; };
		C0BA7A1029EEE58D00E6D1EB /* Assets.xcassets in Resources */ = {isa = PBXBuildFile; fileRef = C0BA7A0F29EEE58D00E6D1EB /* Assets.xcassets */; };
		C0BA7A1329EEE58D00E6D1EB /* LaunchScreen.storyboard in Resources */ = {isa = PBXBuildFile; fileRef = C0BA7A1129EEE58D00E6D1EB /* LaunchScreen.storyboard */; };
		C0BA7A1B29F01E4100E6D1EB /* APIHandler.swift in Sources */ = {isa = PBXBuildFile; fileRef = C0BA7A1A29F01E4100E6D1EB /* APIHandler.swift */; };
/* End PBXBuildFile section */

/* Begin PBXFileReference section */
		1A3558FE0095E00300FBDBCD /* Pods-KanyeQuotes.release.xcconfig */ = {isa = PBXFileReference; includeInIndex = 1; lastKnownFileType = text.xcconfig; name = "Pods-KanyeQuotes.release.xcconfig"; path = "Target Support Files/Pods-KanyeQuotes/Pods-KanyeQuotes.release.xcconfig"; sourceTree = "<group>"; };
		AB451E7F04E0272A7A76AAA0 /* Pods-KanyeQuotes.debug.xcconfig */ = {isa = PBXFileReference; includeInIndex = 1; lastKnownFileType = text.xcconfig; name = "Pods-KanyeQuotes.debug.xcconfig"; path = "Target Support Files/Pods-KanyeQuotes/Pods-KanyeQuotes.debug.xcconfig"; sourceTree = "<group>"; };
		C0BA7A0329EEE58B00E6D1EB /* KanyeQuotes.app */ = {isa = PBXFileReference; explicitFileType = wrapper.application; includeInIndex = 0; path = KanyeQuotes.app; sourceTree = BUILT_PRODUCTS_DIR; };
		C0BA7A0629EEE58B00E6D1EB /* AppDelegate.swift */ = {isa = PBXFileReference; lastKnownFileType = sourcecode.swift; path = AppDelegate.swift; sourceTree = "<group>"; };
		C0BA7A0829EEE58B00E6D1EB /* SceneDelegate.swift */ = {isa = PBXFileReference; lastKnownFileType = sourcecode.swift; path = SceneDelegate.swift; sourceTree = "<group>"; };
		C0BA7A0A29EEE58B00E6D1EB /* ViewController.swift */ = {isa = PBXFileReference; lastKnownFileType = sourcecode.swift; path = ViewController.swift; sourceTree = "<group>"; };
		C0BA7A0D29EEE58B00E6D1EB /* Base */ = {isa = PBXFileReference; lastKnownFileType = file.storyboard; name = Base; path = Base.lproj/Main.storyboard; sourceTree = "<group>"; };
		C0BA7A0F29EEE58D00E6D1EB /* Assets.xcassets */ = {isa = PBXFileReference; lastKnownFileType = folder.assetcatalog; path = Assets.xcassets; sourceTree = "<group>"; };
		C0BA7A1229EEE58D00E6D1EB /* Base */ = {isa = PBXFileReference; lastKnownFileType = file.storyboard; name = Base; path = Base.lproj/LaunchScreen.storyboard; sourceTree = "<group>"; };
		C0BA7A1429EEE58D00E6D1EB /* Info.plist */ = {isa = PBXFileReference; lastKnownFileType = text.plist.xml; path = Info.plist; sourceTree = "<group>"; };
		C0BA7A1A29F01E4100E6D1EB /* APIHandler.swift */ = {isa = PBXFileReference; lastKnownFileType = sourcecode.swift; path = APIHandler.swift; sourceTree = "<group>"; };
		E25EA5CFACAFA9F8C2C7229B /* Pods_KanyeQuotes.framework */ = {isa = PBXFileReference; explicitFileType = wrapper.framework; includeInIndex = 0; path = Pods_KanyeQuotes.framework; sourceTree = BUILT_PRODUCTS_DIR; };
/* End PBXFileReference section */

/* Begin PBXFrameworksBuildPhase section */
		C0BA7A0029EEE58B00E6D1EB /* Frameworks */ = {
			isa = PBXFrameworksBuildPhase;
			buildActionMask = 2147483647;
			files = (
				AD2AD3487A65ECDDBF650DB1 /* Pods_KanyeQuotes.framework in Frameworks */,
			);
			runOnlyForDeploymentPostprocessing = 0;
		};
/* End PBXFrameworksBuildPhase section */

/* Begin PBXGroup section */
		99387E7048BC5A5882A111AA /* Pods */ = {
			isa = PBXGroup;
			children = (
				AB451E7F04E0272A7A76AAA0 /* Pods-KanyeQuotes.debug.xcconfig */,
				1A3558FE0095E00300FBDBCD /* Pods-KanyeQuotes.release.xcconfig */,
			);
			path = Pods;
			sourceTree = "<group>";
		};
		C0BA79FA29EEE58B00E6D1EB = {
			isa = PBXGroup;
			children = (
				C0BA7A0529EEE58B00E6D1EB /* KanyeQuotes */,
				C0BA7A0429EEE58B00E6D1EB /* Products */,
				99387E7048BC5A5882A111AA /* Pods */,
				D136DB468D4B782ADA15A839 /* Frameworks */,
			);
			sourceTree = "<group>";
		};
		C0BA7A0429EEE58B00E6D1EB /* Products */ = {
			isa = PBXGroup;
			children = (
				C0BA7A0329EEE58B00E6D1EB /* KanyeQuotes.app */,
			);
			name = Products;
			sourceTree = "<group>";
		};
		C0BA7A0529EEE58B00E6D1EB /* KanyeQuotes */ = {
			isa = PBXGroup;
			children = (
				C0BA7A0629EEE58B00E6D1EB /* AppDelegate.swift */,
				C0BA7A0829EEE58B00E6D1EB /* SceneDelegate.swift */,
				C0BA7A0A29EEE58B00E6D1EB /* ViewController.swift */,
				C0BA7A0C29EEE58B00E6D1EB /* Main.storyboard */,
				C0BA7A0F29EEE58D00E6D1EB /* Assets.xcassets */,
				C0BA7A1129EEE58D00E6D1EB /* LaunchScreen.storyboard */,
				C0BA7A1429EEE58D00E6D1EB /* Info.plist */,
				C0BA7A1A29F01E4100E6D1EB /* APIHandler.swift */,
			);
			path = KanyeQuotes;
			sourceTree = "<group>";
		};
		D136DB468D4B782ADA15A839 /* Frameworks */ = {
			isa = PBXGroup;
			children = (
				E25EA5CFACAFA9F8C2C7229B /* Pods_KanyeQuotes.framework */,
			);
			name = Frameworks;
			sourceTree = "<group>";
		};
/* End PBXGroup section */

/* Begin PBXNativeTarget section */
		C0BA7A0229EEE58B00E6D1EB /* KanyeQuotes */ = {
			isa = PBXNativeTarget;
			buildConfigurationList = C0BA7A1729EEE58D00E6D1EB /* Build configuration list for PBXNativeTarget "KanyeQuotes" */;
			buildPhases = (
				9FFEDD29037C8326AB7D2536 /* [CP] Check Pods Manifest.lock */,
				C0BA79FF29EEE58B00E6D1EB /* Sources */,
				C0BA7A0029EEE58B00E6D1EB /* Frameworks */,
				C0BA7A0129EEE58B00E6D1EB /* Resources */,
				A07083B15686B43F4B5DA33B /* [CP] Embed Pods Frameworks */,
			);
			buildRules = (
			);
			dependencies = (
			);
			name = KanyeQuotes;
			productName = KanyeQuotes;
			productReference = C0BA7A0329EEE58B00E6D1EB /* KanyeQuotes.app */;
			productType = "com.apple.product-type.application";
		};
/* End PBXNativeTarget section */

/* Begin PBXProject section */
		C0BA79FB29EEE58B00E6D1EB /* Project object */ = {
			isa = PBXProject;
			attributes = {
				BuildIndependentTargetsInParallel = 1;
				LastSwiftUpdateCheck = 1430;
				LastUpgradeCheck = 1430;
				TargetAttributes = {
					C0BA7A0229EEE58B00E6D1EB = {
						CreatedOnToolsVersion = 14.3;
					};
				};
			};
			buildConfigurationList = C0BA79FE29EEE58B00E6D1EB /* Build configuration list for PBXProject "KanyeQuotes" */;
			compatibilityVersion = "Xcode 14.0";
			developmentRegion = en;
			hasScannedForEncodings = 0;
			knownRegions = (
				en,
				Base,
			);
			mainGroup = C0BA79FA29EEE58B00E6D1EB;
			productRefGroup = C0BA7A0429EEE58B00E6D1EB /* Products */;
			projectDirPath = "";
			projectRoot = "";
			targets = (
				C0BA7A0229EEE58B00E6D1EB /* KanyeQuotes */,
			);
		};
/* End PBXProject section */

/* Begin PBXResourcesBuildPhase section */
		C0BA7A0129EEE58B00E6D1EB /* Resources */ = {
			isa = PBXResourcesBuildPhase;
			buildActionMask = 2147483647;
			files = (
				C0BA7A1329EEE58D00E6D1EB /* LaunchScreen.storyboard in Resources */,
				C0BA7A1029EEE58D00E6D1EB /* Assets.xcassets in Resources */,
				C0BA7A0E29EEE58B00E6D1EB /* Main.storyboard in Resources */,
			);
			runOnlyForDeploymentPostprocessing = 0;
		};
/* End PBXResourcesBuildPhase section */

/* Begin PBXShellScriptBuildPhase section */
		9FFEDD29037C8326AB7D2536 /* [CP] Check Pods Manifest.lock */ = {
			isa = PBXShellScriptBuildPhase;
			buildActionMask = 2147483647;
			files = (
			);
			inputFileListPaths = (
			);
			inputPaths = (
				"${PODS_PODFILE_DIR_PATH}/Podfile.lock",
				"${PODS_ROOT}/Manifest.lock",
			);
			name = "[CP] Check Pods Manifest.lock";
			outputFileListPaths = (
			);
			outputPaths = (
				"$(DERIVED_FILE_DIR)/Pods-KanyeQuotes-checkManifestLockResult.txt",
			);
			runOnlyForDeploymentPostprocessing = 0;
			shellPath = /bin/sh;
			shellScript = "diff \"${PODS_PODFILE_DIR_PATH}/Podfile.lock\" \"${PODS_ROOT}/Manifest.lock\" > /dev/null\nif [ $? != 0 ] ; then\n    # print error to STDERR\n    echo \"error: The sandbox is not in sync with the Podfile.lock. Run 'pod install' or update your CocoaPods installation.\" >&2\n    exit 1\nfi\n# This output is used by Xcode 'outputs' to avoid re-running this script phase.\necho \"SUCCESS\" > \"${SCRIPT_OUTPUT_FILE_0}\"\n";
			showEnvVarsInLog = 0;
		};
		A07083B15686B43F4B5DA33B /* [CP] Embed Pods Frameworks */ = {
			isa = PBXShellScriptBuildPhase;
			buildActionMask = 2147483647;
			files = (
			);
			inputFileListPaths = (
				"${PODS_ROOT}/Target Support Files/Pods-KanyeQuotes/Pods-KanyeQuotes-frameworks-${CONFIGURATION}-input-files.xcfilelist",
			);
			name = "[CP] Embed Pods Frameworks";
			outputFileListPaths = (
				"${PODS_ROOT}/Target Support Files/Pods-KanyeQuotes/Pods-KanyeQuotes-frameworks-${CONFIGURATION}-output-files.xcfilelist",
			);
			runOnlyForDeploymentPostprocessing = 0;
			shellPath = /bin/sh;
			shellScript = "\"${PODS_ROOT}/Target Support Files/Pods-KanyeQuotes/Pods-KanyeQuotes-frameworks.sh\"\n";
			showEnvVarsInLog = 0;
		};
/* End PBXShellScriptBuildPhase section */

/* Begin PBXSourcesBuildPhase section */
		C0BA79FF29EEE58B00E6D1EB /* Sources */ = {
			isa = PBXSourcesBuildPhase;
			buildActionMask = 2147483647;
			files = (
				C0BA7A0B29EEE58B00E6D1EB /* ViewController.swift in Sources */,
				C0BA7A0729EEE58B00E6D1EB /* AppDelegate.swift in Sources */,
				C0BA7A0929EEE58B00E6D1EB /* SceneDelegate.swift in Sources */,
				C0BA7A1B29F01E4100E6D1EB /* APIHandler.swift in Sources */,
			);
			runOnlyForDeploymentPostprocessing = 0;
		};
/* End PBXSourcesBuildPhase section */

/* Begin PBXVariantGroup section */
		C0BA7A0C29EEE58B00E6D1EB /* Main.storyboard */ = {
			isa = PBXVariantGroup;
			children = (
				C0BA7A0D29EEE58B00E6D1EB /* Base */,
			);
			name = Main.storyboard;
			sourceTree = "<group>";
		};
		C0BA7A1129EEE58D00E6D1EB /* LaunchScreen.storyboard */ = {
			isa = PBXVariantGroup;
			children = (
				C0BA7A1229EEE58D00E6D1EB /* Base */,
			);
			name = LaunchScreen.storyboard;
			sourceTree = "<group>";
		};
/* End PBXVariantGroup section */

/* Begin XCBuildConfiguration section */
		C0BA7A1529EEE58D00E6D1EB /* Debug */ = {
			isa = XCBuildConfiguration;
			buildSettings = {
				ALWAYS_SEARCH_USER_PATHS = NO;
				CLANG_ANALYZER_NONNULL = YES;
				CLANG_ANALYZER_NUMBER_OBJECT_CONVERSION = YES_AGGRESSIVE;
				CLANG_CXX_LANGUAGE_STANDARD = "gnu++20";
				CLANG_ENABLE_MODULES = YES;
				CLANG_ENABLE_OBJC_ARC = YES;
				CLANG_ENABLE_OBJC_WEAK = YES;
				CLANG_WARN_BLOCK_CAPTURE_AUTORELEASING = YES;
				CLANG_WARN_BOOL_CONVERSION = YES;
				CLANG_WARN_COMMA = YES;
				CLANG_WARN_CONSTANT_CONVERSION = YES;
				CLANG_WARN_DEPRECATED_OBJC_IMPLEMENTATIONS = YES;
				CLANG_WARN_DIRECT_OBJC_ISA_USAGE = YES_ERROR;
				CLANG_WARN_DOCUMENTATION_COMMENTS = YES;
				CLANG_WARN_EMPTY_BODY = YES;
				CLANG_WARN_ENUM_CONVERSION = YES;
				CLANG_WARN_INFINITE_RECURSION = YES;
				CLANG_WARN_INT_CONVERSION = YES;
				CLANG_WARN_NON_LITERAL_NULL_CONVERSION = YES;
				CLANG_WARN_OBJC_IMPLICIT_RETAIN_SELF = YES;
				CLANG_WARN_OBJC_LITERAL_CONVERSION = YES;
				CLANG_WARN_OBJC_ROOT_CLASS = YES_ERROR;
				CLANG_WARN_QUOTED_INCLUDE_IN_FRAMEWORK_HEADER = YES;
				CLANG_WARN_RANGE_LOOP_ANALYSIS = YES;
				CLANG_WARN_STRICT_PROTOTYPES = YES;
				CLANG_WARN_SUSPICIOUS_MOVE = YES;
				CLANG_WARN_UNGUARDED_AVAILABILITY = YES_AGGRESSIVE;
				CLANG_WARN_UNREACHABLE_CODE = YES;
				CLANG_WARN__DUPLICATE_METHOD_MATCH = YES;
				COPY_PHASE_STRIP = NO;
				DEBUG_INFORMATION_FORMAT = dwarf;
				ENABLE_STRICT_OBJC_MSGSEND = YES;
				ENABLE_TESTABILITY = YES;
				GCC_C_LANGUAGE_STANDARD = gnu11;
				GCC_DYNAMIC_NO_PIC = NO;
				GCC_NO_COMMON_BLOCKS = YES;
				GCC_OPTIMIZATION_LEVEL = 0;
				GCC_PREPROCESSOR_DEFINITIONS = (
					"DEBUG=1",
					"$(inherited)",
				);
				GCC_WARN_64_TO_32_BIT_CONVERSION = YES;
				GCC_WARN_ABOUT_RETURN_TYPE = YES_ERROR;
				GCC_WARN_UNDECLARED_SELECTOR = YES;
				GCC_WARN_UNINITIALIZED_AUTOS = YES_AGGRESSIVE;
				GCC_WARN_UNUSED_FUNCTION = YES;
				GCC_WARN_UNUSED_VARIABLE = YES;
				IPHONEOS_DEPLOYMENT_TARGET = 16.4;
				MTL_ENABLE_DEBUG_INFO = INCLUDE_SOURCE;
				MTL_FAST_MATH = YES;
				ONLY_ACTIVE_ARCH = YES;
				SDKROOT = iphoneos;
				SWIFT_ACTIVE_COMPILATION_CONDITIONS = DEBUG;
				SWIFT_OPTIMIZATION_LEVEL = "-Onone";
			};
			name = Debug;
		};
		C0BA7A1629EEE58D00E6D1EB /* Release */ = {
			isa = XCBuildConfiguration;
			buildSettings = {
				ALWAYS_SEARCH_USER_PATHS = NO;
				CLANG_ANALYZER_NONNULL = YES;
				CLANG_ANALYZER_NUMBER_OBJECT_CONVERSION = YES_AGGRESSIVE;
				CLANG_CXX_LANGUAGE_STANDARD = "gnu++20";
				CLANG_ENABLE_MODULES = YES;
				CLANG_ENABLE_OBJC_ARC = YES;
				CLANG_ENABLE_OBJC_WEAK = YES;
				CLANG_WARN_BLOCK_CAPTURE_AUTORELEASING = YES;
				CLANG_WARN_BOOL_CONVERSION = YES;
				CLANG_WARN_COMMA = YES;
				CLANG_WARN_CONSTANT_CONVERSION = YES;
				CLANG_WARN_DEPRECATED_OBJC_IMPLEMENTATIONS = YES;
				CLANG_WARN_DIRECT_OBJC_ISA_USAGE = YES_ERROR;
				CLANG_WARN_DOCUMENTATION_COMMENTS = YES;
				CLANG_WARN_EMPTY_BODY = YES;
				CLANG_WARN_ENUM_CONVERSION = YES;
				CLANG_WARN_INFINITE_RECURSION = YES;
				CLANG_WARN_INT_CONVERSION = YES;
				CLANG_WARN_NON_LITERAL_NULL_CONVERSION = YES;
				CLANG_WARN_OBJC_IMPLICIT_RETAIN_SELF = YES;
				CLANG_WARN_OBJC_LITERAL_CONVERSION = YES;
				CLANG_WARN_OBJC_ROOT_CLASS = YES_ERROR;
				CLANG_WARN_QUOTED_INCLUDE_IN_FRAMEWORK_HEADER = YES;
				CLANG_WARN_RANGE_LOOP_ANALYSIS = YES;
				CLANG_WARN_STRICT_PROTOTYPES = YES;
				CLANG_WARN_SUSPICIOUS_MOVE = YES;
				CLANG_WARN_UNGUARDED_AVAILABILITY = YES_AGGRESSIVE;
				CLANG_WARN_UNREACHABLE_CODE = YES;
				CLANG_WARN__DUPLICATE_METHOD_MATCH = YES;
				COPY_PHASE_STRIP = NO;
				DEBUG_INFORMATION_FORMAT = "dwarf-with-dsym";
				ENABLE_NS_ASSERTIONS = NO;
				ENABLE_STRICT_OBJC_MSGSEND = YES;
				GCC_C_LANGUAGE_STANDARD = gnu11;
				GCC_NO_COMMON_BLOCKS = YES;
				GCC_WARN_64_TO_32_BIT_CONVERSION = YES;
				GCC_WARN_ABOUT_RETURN_TYPE = YES_ERROR;
				GCC_WARN_UNDECLARED_SELECTOR = YES;
				GCC_WARN_UNINITIALIZED_AUTOS = YES_AGGRESSIVE;
				GCC_WARN_UNUSED_FUNCTION = YES;
				GCC_WARN_UNUSED_VARIABLE = YES;
				IPHONEOS_DEPLOYMENT_TARGET = 16.4;
				MTL_ENABLE_DEBUG_INFO = NO;
				MTL_FAST_MATH = YES;
				SDKROOT = iphoneos;
				SWIFT_COMPILATION_MODE = wholemodule;
				SWIFT_OPTIMIZATION_LEVEL = "-O";
				VALIDATE_PRODUCT = YES;
			};
			name = Release;
		};
		C0BA7A1829EEE58D00E6D1EB /* Debug */ = {
			isa = XCBuildConfiguration;
			baseConfigurationReference = AB451E7F04E0272A7A76AAA0 /* Pods-KanyeQuotes.debug.xcconfig */;
			buildSettings = {
				ASSETCATALOG_COMPILER_APPICON_NAME = AppIcon;
				ASSETCATALOG_COMPILER_GLOBAL_ACCENT_COLOR_NAME = AccentColor;
				CODE_SIGN_STYLE = Automatic;
				CURRENT_PROJECT_VERSION = 1;
				DEVELOPMENT_TEAM = RK6RS4ZNBT;
				GENERATE_INFOPLIST_FILE = YES;
				INFOPLIST_FILE = KanyeQuotes/Info.plist;
				INFOPLIST_KEY_UIApplicationSupportsIndirectInputEvents = YES;
				INFOPLIST_KEY_UILaunchStoryboardName = LaunchScreen;
				INFOPLIST_KEY_UIMainStoryboardFile = Main;
				INFOPLIST_KEY_UISupportedInterfaceOrientations = UIInterfaceOrientationPortrait;
				INFOPLIST_KEY_UISupportedInterfaceOrientations_iPad = "UIInterfaceOrientationLandscapeLeft UIInterfaceOrientationLandscapeRight UIInterfaceOrientationPortrait UIInterfaceOrientationPortraitUpsideDown";
				LD_RUNPATH_SEARCH_PATHS = (
					"$(inherited)",
					"@executable_path/Frameworks",
				);
				MARKETING_VERSION = 1.0;
				PRODUCT_BUNDLE_IDENTIFIER = berkhayta.KanyeQuotes;
				PRODUCT_NAME = "$(TARGET_NAME)";
				SWIFT_EMIT_LOC_STRINGS = YES;
				SWIFT_VERSION = 5.0;
				TARGETED_DEVICE_FAMILY = "1,2";
			};
			name = Debug;
		};
		C0BA7A1929EEE58D00E6D1EB /* Release */ = {
			isa = XCBuildConfiguration;
			baseConfigurationReference = 1A3558FE0095E00300FBDBCD /* Pods-KanyeQuotes.release.xcconfig */;
			buildSettings = {
				ASSETCATALOG_COMPILER_APPICON_NAME = AppIcon;
				ASSETCATALOG_COMPILER_GLOBAL_ACCENT_COLOR_NAME = AccentColor;
				CODE_SIGN_STYLE = Automatic;
				CURRENT_PROJECT_VERSION = 1;
				DEVELOPMENT_TEAM = RK6RS4ZNBT;
				GENERATE_INFOPLIST_FILE = YES;
				INFOPLIST_FILE = KanyeQuotes/Info.plist;
				INFOPLIST_KEY_UIApplicationSupportsIndirectInputEvents = YES;
				INFOPLIST_KEY_UILaunchStoryboardName = LaunchScreen;
				INFOPLIST_KEY_UIMainStoryboardFile = Main;
				INFOPLIST_KEY_UISupportedInterfaceOrientations = UIInterfaceOrientationPortrait;
				INFOPLIST_KEY_UISupportedInterfaceOrientations_iPad = "UIInterfaceOrientationLandscapeLeft UIInterfaceOrientationLandscapeRight UIInterfaceOrientationPortrait UIInterfaceOrientationPortraitUpsideDown";
				LD_RUNPATH_SEARCH_PATHS = (
					"$(inherited)",
					"@executable_path/Frameworks",
				);
				MARKETING_VERSION = 1.0;
				PRODUCT_BUNDLE_IDENTIFIER = berkhayta.KanyeQuotes;
				PRODUCT_NAME = "$(TARGET_NAME)";
				SWIFT_EMIT_LOC_STRINGS = YES;
				SWIFT_VERSION = 5.0;
				TARGETED_DEVICE_FAMILY = "1,2";
			};
			name = Release;
		};
/* End XCBuildConfiguration section */

/* Begin XCConfigurationList section */
		C0BA79FE29EEE58B00E6D1EB /* Build configuration list for PBXProject "KanyeQuotes" */ = {
			isa = XCConfigurationList;
			buildConfigurations = (
				C0BA7A1529EEE58D00E6D1EB /* Debug */,
				C0BA7A1629EEE58D00E6D1EB /* Release */,
			);
			defaultConfigurationIsVisible = 0;
			defaultConfigurationName = Release;
		};
		C0BA7A1729EEE58D00E6D1EB /* Build configuration list for PBXNativeTarget "KanyeQuotes" */ = {
			isa = XCConfigurationList;
			buildConfigurations = (
				C0BA7A1829EEE58D00E6D1EB /* Debug */,
				C0BA7A1929EEE58D00E6D1EB /* Release */,
			);
			defaultConfigurationIsVisible = 0;
			defaultConfigurationName = Release;
		};
/* End XCConfigurationList section */
	};
	rootObject = C0BA79FB29EEE58B00E6D1EB /* Project object */;
}
